
Microsoft Visual Studio Solution File, Format Version 12.00
# Visual Studio Version 17
VisualStudioVersion = 17.8.34511.84
MinimumVisualStudioVersion = 10.0.40219.1
Project("{2150E333-8FDC-42A3-9474-1A3956D46DE8}") = "src", "src", "{1F191A30-A034-468A-AF2B-FC46A76A27E2}"
EndProject
Project("{2150E333-8FDC-42A3-9474-1A3956D46DE8}") = "tests", "tests", "{034E90BD-368C-4684-97B6-70895E3D67A8}"
EndProject
Project("{9A19103F-16F7-4668-BE54-9A1E7A4F7556}") = "FC.PixelFlix.Catalogo.UnitTests", "tests\FC.PixelFlix.Catalogo.UnitTests\FC.PixelFlix.Catalogo.UnitTests.csproj", "{387FBAEB-B472-459C-8341-7ED63567C052}"
EndProject
Project("{9A19103F-16F7-4668-BE54-9A1E7A4F7556}") = "FC.Pixelflix.Catalogo.Domain", "src\FC.Pixelflix.Catalogo.Domain\FC.Pixelflix.Catalogo.Domain.csproj", "{A3AA69B5-91EF-44BE-8F34-927C4E63553C}"
EndProject
Project("{FAE04EC0-301F-11D3-BF4B-00C04F79EFBC}") = "FC.Pixelflix.Catalogo.Application", "src\FC.Pixelflix.Catalogo.Application\FC.Pixelflix.Catalogo.Application.csproj", "{F1157A5E-E335-44A4-B9B5-2A50574B0361}"
EndProject
Global
	GlobalSection(SolutionConfigurationPlatforms) = preSolution
		Debug|Any CPU = Debug|Any CPU
		Release|Any CPU = Release|Any CPU
	EndGlobalSection
	GlobalSection(ProjectConfigurationPlatforms) = postSolution
		{387FBAEB-B472-459C-8341-7ED63567C052}.Debug|Any CPU.ActiveCfg = Debug|Any CPU
		{387FBAEB-B472-459C-8341-7ED63567C052}.Debug|Any CPU.Build.0 = Debug|Any CPU
		{387FBAEB-B472-459C-8341-7ED63567C052}.Release|Any CPU.ActiveCfg = Release|Any CPU
		{387FBAEB-B472-459C-8341-7ED63567C052}.Release|Any CPU.Build.0 = Release|Any CPU
		{A3AA69B5-91EF-44BE-8F34-927C4E63553C}.Debug|Any CPU.ActiveCfg = Debug|Any CPU
		{A3AA69B5-91EF-44BE-8F34-927C4E63553C}.Debug|Any CPU.Build.0 = Debug|Any CPU
		{A3AA69B5-91EF-44BE-8F34-927C4E63553C}.Release|Any CPU.ActiveCfg = Release|Any CPU
		{A3AA69B5-91EF-44BE-8F34-927C4E63553C}.Release|Any CPU.Build.0 = Release|Any CPU
		{F1157A5E-E335-44A4-B9B5-2A50574B0361}.Debug|Any CPU.ActiveCfg = Debug|Any CPU
		{F1157A5E-E335-44A4-B9B5-2A50574B0361}.Debug|Any CPU.Build.0 = Debug|Any CPU
		{F1157A5E-E335-44A4-B9B5-2A50574B0361}.Release|Any CPU.ActiveCfg = Release|Any CPU
		{F1157A5E-E335-44A4-B9B5-2A50574B0361}.Release|Any CPU.Build.0 = Release|Any CPU
	EndGlobalSection
	GlobalSection(SolutionProperties) = preSolution
		HideSolutionNode = FALSE
	EndGlobalSection
	GlobalSection(NestedProjects) = preSolution
		{387FBAEB-B472-459C-8341-7ED63567C052} = {034E90BD-368C-4684-97B6-70895E3D67A8}
		{A3AA69B5-91EF-44BE-8F34-927C4E63553C} = {1F191A30-A034-468A-AF2B-FC46A76A27E2}
		{F1157A5E-E335-44A4-B9B5-2A50574B0361} = {1F191A30-A034-468A-AF2B-FC46A76A27E2}
	EndGlobalSection
	GlobalSection(ExtensibilityGlobals) = postSolution
		SolutionGuid = {6956845C-7310-41F0-ABDB-D74BDCAED20F}
	EndGlobalSection
EndGlobal
